
Microsoft Visual Studio Solution File, Format Version 12.00
# Visual Studio 15
Project("{FAE04EC0-301F-11D3-BF4B-00C04F79EFBC}") = "Assembly-CSharp-Editor", "Assembly-CSharp-Editor.csproj", "{5E5B3795-07BB-8663-B99D-12F23BE6521B}"
EndProject
Project("{FAE04EC0-301F-11D3-BF4B-00C04F79EFBC}") = "Assembly-CSharp", "Assembly-CSharp.csproj", "{3753AAA6-E165-C360-7C04-A3BF2596FDF6}"
EndProject
Global
	GlobalSection(SolutionConfigurationPlatforms) = preSolution
		Debug|Any CPU = Debug|Any CPU
		Release|Any CPU = Release|Any CPU
	EndGlobalSection
	GlobalSection(ProjectConfigurationPlatforms) = postSolution
		{5E5B3795-07BB-8663-B99D-12F23BE6521B}.Debug|Any CPU.ActiveCfg = Debug|Any CPU
		{5E5B3795-07BB-8663-B99D-12F23BE6521B}.Debug|Any CPU.Build.0 = Debug|Any CPU
		{5E5B3795-07BB-8663-B99D-12F23BE6521B}.Release|Any CPU.ActiveCfg = Release|Any CPU
		{5E5B3795-07BB-8663-B99D-12F23BE6521B}.Release|Any CPU.Build.0 = Release|Any CPU
		{3753AAA6-E165-C360-7C04-A3BF2596FDF6}.Debug|Any CPU.ActiveCfg = Debug|Any CPU
		{3753AAA6-E165-C360-7C04-A3BF2596FDF6}.Debug|Any CPU.Build.0 = Debug|Any CPU
		{3753AAA6-E165-C360-7C04-A3BF2596FDF6}.Release|Any CPU.ActiveCfg = Release|Any CPU
		{3753AAA6-E165-C360-7C04-A3BF2596FDF6}.Release|Any CPU.Build.0 = Release|Any CPU
	EndGlobalSection
	GlobalSection(SolutionProperties) = preSolution
		HideSolutionNode = FALSE
	EndGlobalSection
EndGlobal
